
Microsoft Visual Studio Solution File, Format Version 12.00
# Visual Studio Version 17
VisualStudioVersion = 17.14.36310.24 d17.14
MinimumVisualStudioVersion = 10.0.40219.1
Project("{FAE04EC0-301F-11D3-BF4B-00C04F79EFBC}") = "BoardGameFramework", "BoardGameFramework\BoardGameFramework.csproj", "{BD3B6ABB-D923-42E7-A2CC-B09FAA0E8DDA}"
EndProject
Global
	GlobalSection(SolutionConfigurationPlatforms) = preSolution
		Debug|Any CPU = Debug|Any CPU
		Release|Any CPU = Release|Any CPU
	EndGlobalSection
	GlobalSection(ProjectConfigurationPlatforms) = postSolution
		{BD3B6ABB-D923-42E7-A2CC-B09FAA0E8DDA}.Debug|Any CPU.ActiveCfg = Debug|Any CPU
		{BD3B6ABB-D923-42E7-A2CC-B09FAA0E8DDA}.Debug|Any CPU.Build.0 = Debug|Any CPU
		{BD3B6ABB-D923-42E7-A2CC-B09FAA0E8DDA}.Release|Any CPU.ActiveCfg = Release|Any CPU
		{BD3B6ABB-D923-42E7-A2CC-B09FAA0E8DDA}.Release|Any CPU.Build.0 = Release|Any CPU
	EndGlobalSection
	GlobalSection(SolutionProperties) = preSolution
		HideSolutionNode = FALSE
	EndGlobalSection
	GlobalSection(ExtensibilityGlobals) = postSolution
		SolutionGuid = {FAE17AB9-2136-4628-8C9F-C76B3336BDD7}
	EndGlobalSection
EndGlobal
